
Microsoft Visual Studio Solution File, Format Version 12.00
# Visual Studio Version 17
VisualStudioVersion = 17.0.32014.148
MinimumVisualStudioVersion = 10.0.40219.1
Project("{FAE04EC0-301F-11D3-BF4B-00C04F79EFBC}") = "WarframeRivenScanner", "WarframeRivenScanner\WarframeRivenScanner.csproj", "{19CAAF0E-6541-44F3-98D4-F7B525EA884A}"
EndProject
Global
	GlobalSection(SolutionConfigurationPlatforms) = preSolution
		Debug|Any CPU = Debug|Any CPU
		Release|Any CPU = Release|Any CPU
	EndGlobalSection
	GlobalSection(ProjectConfigurationPlatforms) = postSolution
		{19CAAF0E-6541-44F3-98D4-F7B525EA884A}.Debug|Any CPU.ActiveCfg = Debug|Any CPU
		{19CAAF0E-6541-44F3-98D4-F7B525EA884A}.Debug|Any CPU.Build.0 = Debug|Any CPU
		{19CAAF0E-6541-44F3-98D4-F7B525EA884A}.Release|Any CPU.ActiveCfg = Release|Any CPU
		{19CAAF0E-6541-44F3-98D4-F7B525EA884A}.Release|Any CPU.Build.0 = Release|Any CPU
	EndGlobalSection
	GlobalSection(SolutionProperties) = preSolution
		HideSolutionNode = FALSE
	EndGlobalSection
	GlobalSection(ExtensibilityGlobals) = postSolution
		SolutionGuid = {C6C0A745-A00C-4FF5-836F-1621D055C2F7}
	EndGlobalSection
EndGlobal
